// !$*UTF8*$!
{
	archiveVersion = 1;
	classes = {
	};
	objectVersion = 46;
	objects = {

/* Begin PBXBuildFile section */
		6336D1EDE7454BE0A8B893E3 /* libPods.a in Frameworks */ = {isa = PBXBuildFile; fileRef = 5160A872A45246A6B7A39C41 /* libPods.a */; };
		EC5830E518D783D20007B90A /* Foundation.framework in Frameworks */ = {isa = PBXBuildFile; fileRef = EC5D9C4F18D781FD00B2CCE6 /* Foundation.framework */; };
		EC5830E718D783D20007B90A /* CoreGraphics.framework in Frameworks */ = {isa = PBXBuildFile; fileRef = EC5830E618D783D20007B90A /* CoreGraphics.framework */; };
		EC5830E818D783D20007B90A /* UIKit.framework in Frameworks */ = {isa = PBXBuildFile; fileRef = EC5D9C6018D781FD00B2CCE6 /* UIKit.framework */; };
		EC5830EE18D783D20007B90A /* InfoPlist.strings in Resources */ = {isa = PBXBuildFile; fileRef = EC5830EC18D783D20007B90A /* InfoPlist.strings */; };
		EC5830F018D783D20007B90A /* main.m in Sources */ = {isa = PBXBuildFile; fileRef = EC5830EF18D783D20007B90A /* main.m */; };
		EC5830F418D783D20007B90A /* AppDelegate.m in Sources */ = {isa = PBXBuildFile; fileRef = EC5830F318D783D20007B90A /* AppDelegate.m */; };
		EC5830F718D783D20007B90A /* Main.storyboard in Resources */ = {isa = PBXBuildFile; fileRef = EC5830F518D783D20007B90A /* Main.storyboard */; };
		EC5830FA18D783D20007B90A /* ViewController.m in Sources */ = {isa = PBXBuildFile; fileRef = EC5830F918D783D20007B90A /* ViewController.m */; };
		EC5830FC18D783D20007B90A /* Images.xcassets in Resources */ = {isa = PBXBuildFile; fileRef = EC5830FB18D783D20007B90A /* Images.xcassets */; };
		EC58311718D783E40007B90A /* libBFStretchView.a in Frameworks */ = {isa = PBXBuildFile; fileRef = EC5D9C4C18D781FD00B2CCE6 /* libBFStretchView.a */; };
		EC58312518D793850007B90A /* CFNetwork.framework in Frameworks */ = {isa = PBXBuildFile; fileRef = EC58312418D793850007B90A /* CFNetwork.framework */; };
		EC58312718D7938B0007B90A /* QuartzCore.framework in Frameworks */ = {isa = PBXBuildFile; fileRef = EC58312618D7938B0007B90A /* QuartzCore.framework */; };
		EC5D9C5018D781FD00B2CCE6 /* Foundation.framework in Frameworks */ = {isa = PBXBuildFile; fileRef = EC5D9C4F18D781FD00B2CCE6 /* Foundation.framework */; };
		ECA1BD32194B7346003DBEAA /* BFStretchView.m in Sources */ = {isa = PBXBuildFile; fileRef = ECA1BD31194B7346003DBEAA /* BFStretchView.m */; };
		ECC7FD9518DE2370004712E3 /* UIGestureRecognizer+BFStretchView.m in Sources */ = {isa = PBXBuildFile; fileRef = ECC7FD9418DE2370004712E3 /* UIGestureRecognizer+BFStretchView.m */; };
/* End PBXBuildFile section */

/* Begin PBXContainerItemProxy section */
		EC58311518D783E10007B90A /* PBXContainerItemProxy */ = {
			isa = PBXContainerItemProxy;
			containerPortal = EC5D9C4418D781FD00B2CCE6 /* Project object */;
			proxyType = 1;
			remoteGlobalIDString = EC5D9C4B18D781FD00B2CCE6;
			remoteInfo = BFStretchView;
		};
/* End PBXContainerItemProxy section */

/* Begin PBXCopyFilesBuildPhase section */
		EC5D9C4A18D781FD00B2CCE6 /* CopyFiles */ = {
			isa = PBXCopyFilesBuildPhase;
			buildActionMask = 2147483647;
			dstPath = "include/$(PRODUCT_NAME)";
			dstSubfolderSpec = 16;
			files = (
			);
			runOnlyForDeploymentPostprocessing = 0;
		};
/* End PBXCopyFilesBuildPhase section */

/* Begin PBXFileReference section */
		5160A872A45246A6B7A39C41 /* libPods.a */ = {isa = PBXFileReference; explicitFileType = archive.ar; includeInIndex = 0; path = libPods.a; sourceTree = BUILT_PRODUCTS_DIR; };
		544138374B4E49E290BAC6FC /* Pods.xcconfig */ = {isa = PBXFileReference; includeInIndex = 1; lastKnownFileType = text.xcconfig; name = Pods.xcconfig; path = Pods/Pods.xcconfig; sourceTree = "<group>"; };
		EC5830E418D783D20007B90A /* Demo.app */ = {isa = PBXFileReference; explicitFileType = wrapper.application; includeInIndex = 0; path = Demo.app; sourceTree = BUILT_PRODUCTS_DIR; };
		EC5830E618D783D20007B90A /* CoreGraphics.framework */ = {isa = PBXFileReference; lastKnownFileType = wrapper.framework; name = CoreGraphics.framework; path = System/Library/Frameworks/CoreGraphics.framework; sourceTree = SDKROOT; };
		EC5830EB18D783D20007B90A /* Demo-Info.plist */ = {isa = PBXFileReference; lastKnownFileType = text.plist.xml; path = "Demo-Info.plist"; sourceTree = "<group>"; };
		EC5830ED18D783D20007B90A /* en */ = {isa = PBXFileReference; lastKnownFileType = text.plist.strings; name = en; path = en.lproj/InfoPlist.strings; sourceTree = "<group>"; };
		EC5830EF18D783D20007B90A /* main.m */ = {isa = PBXFileReference; lastKnownFileType = sourcecode.c.objc; path = main.m; sourceTree = "<group>"; };
		EC5830F118D783D20007B90A /* Demo-Prefix.pch */ = {isa = PBXFileReference; lastKnownFileType = sourcecode.c.h; path = "Demo-Prefix.pch"; sourceTree = "<group>"; };
		EC5830F218D783D20007B90A /* AppDelegate.h */ = {isa = PBXFileReference; lastKnownFileType = sourcecode.c.h; path = AppDelegate.h; sourceTree = "<group>"; };
		EC5830F318D783D20007B90A /* AppDelegate.m */ = {isa = PBXFileReference; lastKnownFileType = sourcecode.c.objc; path = AppDelegate.m; sourceTree = "<group>"; };
		EC5830F618D783D20007B90A /* Base */ = {isa = PBXFileReference; lastKnownFileType = file.storyboard; name = Base; path = Base.lproj/Main.storyboard; sourceTree = "<group>"; };
		EC5830F818D783D20007B90A /* ViewController.h */ = {isa = PBXFileReference; lastKnownFileType = sourcecode.c.h; path = ViewController.h; sourceTree = "<group>"; };
		EC5830F918D783D20007B90A /* ViewController.m */ = {isa = PBXFileReference; lastKnownFileType = sourcecode.c.objc; path = ViewController.m; sourceTree = "<group>"; };
		EC5830FB18D783D20007B90A /* Images.xcassets */ = {isa = PBXFileReference; lastKnownFileType = folder.assetcatalog; path = Images.xcassets; sourceTree = "<group>"; };
		EC58312418D793850007B90A /* CFNetwork.framework */ = {isa = PBXFileReference; lastKnownFileType = wrapper.framework; name = CFNetwork.framework; path = System/Library/Frameworks/CFNetwork.framework; sourceTree = SDKROOT; };
		EC58312618D7938B0007B90A /* QuartzCore.framework */ = {isa = PBXFileReference; lastKnownFileType = wrapper.framework; name = QuartzCore.framework; path = System/Library/Frameworks/QuartzCore.framework; sourceTree = SDKROOT; };
		EC5D9C4C18D781FD00B2CCE6 /* libBFStretchView.a */ = {isa = PBXFileReference; explicitFileType = archive.ar; includeInIndex = 0; path = libBFStretchView.a; sourceTree = BUILT_PRODUCTS_DIR; };
		EC5D9C4F18D781FD00B2CCE6 /* Foundation.framework */ = {isa = PBXFileReference; lastKnownFileType = wrapper.framework; name = Foundation.framework; path = System/Library/Frameworks/Foundation.framework; sourceTree = SDKROOT; };
		EC5D9C5318D781FD00B2CCE6 /* BFStretchView-Prefix.pch */ = {isa = PBXFileReference; lastKnownFileType = sourcecode.c.h; path = "BFStretchView-Prefix.pch"; sourceTree = "<group>"; };
		EC5D9C5D18D781FD00B2CCE6 /* XCTest.framework */ = {isa = PBXFileReference; lastKnownFileType = wrapper.framework; name = XCTest.framework; path = Library/Frameworks/XCTest.framework; sourceTree = DEVELOPER_DIR; };
		EC5D9C6018D781FD00B2CCE6 /* UIKit.framework */ = {isa = PBXFileReference; lastKnownFileType = wrapper.framework; name = UIKit.framework; path = Library/Frameworks/UIKit.framework; sourceTree = DEVELOPER_DIR; };
		ECA1BD2E194B633F003DBEAA /* Reveal.framework */ = {isa = PBXFileReference; lastKnownFileType = wrapper.framework; path = Reveal.framework; sourceTree = "<group>"; };
		ECA1BD30194B7346003DBEAA /* BFStretchView.h */ = {isa = PBXFileReference; fileEncoding = 4; lastKnownFileType = sourcecode.c.h; path = BFStretchView.h; sourceTree = "<group>"; };
		ECA1BD31194B7346003DBEAA /* BFStretchView.m */ = {isa = PBXFileReference; fileEncoding = 4; lastKnownFileType = sourcecode.c.objc; path = BFStretchView.m; sourceTree = "<group>"; };
		ECC7FD9318DE2370004712E3 /* UIGestureRecognizer+BFStretchView.h */ = {isa = PBXFileReference; fileEncoding = 4; lastKnownFileType = sourcecode.c.h; path = "UIGestureRecognizer+BFStretchView.h"; sourceTree = "<group>"; };
		ECC7FD9418DE2370004712E3 /* UIGestureRecognizer+BFStretchView.m */ = {isa = PBXFileReference; fileEncoding = 4; lastKnownFileType = sourcecode.c.objc; path = "UIGestureRecognizer+BFStretchView.m"; sourceTree = "<group>"; };
/* End PBXFileReference section */

/* Begin PBXFrameworksBuildPhase section */
		EC5830E118D783D20007B90A /* Frameworks */ = {
			isa = PBXFrameworksBuildPhase;
			buildActionMask = 2147483647;
			files = (
				EC58312718D7938B0007B90A /* QuartzCore.framework in Frameworks */,
				EC58312518D793850007B90A /* CFNetwork.framework in Frameworks */,
				EC58311718D783E40007B90A /* libBFStretchView.a in Frameworks */,
				EC5830E718D783D20007B90A /* CoreGraphics.framework in Frameworks */,
				EC5830E818D783D20007B90A /* UIKit.framework in Frameworks */,
				EC5830E518D783D20007B90A /* Foundation.framework in Frameworks */,
				6336D1EDE7454BE0A8B893E3 /* libPods.a in Frameworks */,
			);
			runOnlyForDeploymentPostprocessing = 0;
		};
		EC5D9C4918D781FD00B2CCE6 /* Frameworks */ = {
			isa = PBXFrameworksBuildPhase;
			buildActionMask = 2147483647;
			files = (
				EC5D9C5018D781FD00B2CCE6 /* Foundation.framework in Frameworks */,
			);
			runOnlyForDeploymentPostprocessing = 0;
		};
/* End PBXFrameworksBuildPhase section */

/* Begin PBXGroup section */
		EC5830E918D783D20007B90A /* Demo */ = {
			isa = PBXGroup;
			children = (
				EC5830F218D783D20007B90A /* AppDelegate.h */,
				EC5830F318D783D20007B90A /* AppDelegate.m */,
				EC5830F518D783D20007B90A /* Main.storyboard */,
				EC5830F818D783D20007B90A /* ViewController.h */,
				EC5830F918D783D20007B90A /* ViewController.m */,
				EC5830FB18D783D20007B90A /* Images.xcassets */,
				EC5830EA18D783D20007B90A /* Supporting Files */,
			);
			path = Demo;
			sourceTree = "<group>";
		};
		EC5830EA18D783D20007B90A /* Supporting Files */ = {
			isa = PBXGroup;
			children = (
				ECA1BD2E194B633F003DBEAA /* Reveal.framework */,
				EC5830EB18D783D20007B90A /* Demo-Info.plist */,
				EC5830EC18D783D20007B90A /* InfoPlist.strings */,
				EC5830EF18D783D20007B90A /* main.m */,
				EC5830F118D783D20007B90A /* Demo-Prefix.pch */,
			);
			name = "Supporting Files";
			sourceTree = "<group>";
		};
		EC5D9C4318D781FD00B2CCE6 = {
			isa = PBXGroup;
			children = (
				EC5D9C5118D781FD00B2CCE6 /* BFStretchView */,
				EC5830E918D783D20007B90A /* Demo */,
				EC5D9C4E18D781FD00B2CCE6 /* Frameworks */,
				EC5D9C4D18D781FD00B2CCE6 /* Products */,
				544138374B4E49E290BAC6FC /* Pods.xcconfig */,
			);
			sourceTree = "<group>";
		};
		EC5D9C4D18D781FD00B2CCE6 /* Products */ = {
			isa = PBXGroup;
			children = (
				EC5D9C4C18D781FD00B2CCE6 /* libBFStretchView.a */,
				EC5830E418D783D20007B90A /* Demo.app */,
			);
			name = Products;
			sourceTree = "<group>";
		};
		EC5D9C4E18D781FD00B2CCE6 /* Frameworks */ = {
			isa = PBXGroup;
			children = (
				EC58312618D7938B0007B90A /* QuartzCore.framework */,
				EC58312418D793850007B90A /* CFNetwork.framework */,
				EC5D9C4F18D781FD00B2CCE6 /* Foundation.framework */,
				EC5D9C5D18D781FD00B2CCE6 /* XCTest.framework */,
				EC5D9C6018D781FD00B2CCE6 /* UIKit.framework */,
				5160A872A45246A6B7A39C41 /* libPods.a */,
				EC5830E618D783D20007B90A /* CoreGraphics.framework */,
			);
			name = Frameworks;
			sourceTree = "<group>";
		};
		EC5D9C5118D781FD00B2CCE6 /* BFStretchView */ = {
			isa = PBXGroup;
			children = (
				EC5D9C5218D781FD00B2CCE6 /* Supporting Files */,
				ECA1BD30194B7346003DBEAA /* BFStretchView.h */,
				ECA1BD31194B7346003DBEAA /* BFStretchView.m */,
				ECC7FD9318DE2370004712E3 /* UIGestureRecognizer+BFStretchView.h */,
				ECC7FD9418DE2370004712E3 /* UIGestureRecognizer+BFStretchView.m */,
			);
			path = BFStretchView;
			sourceTree = "<group>";
		};
		EC5D9C5218D781FD00B2CCE6 /* Supporting Files */ = {
			isa = PBXGroup;
			children = (
				EC5D9C5318D781FD00B2CCE6 /* BFStretchView-Prefix.pch */,
			);
			name = "Supporting Files";
			sourceTree = "<group>";
		};
/* End PBXGroup section */

/* Begin PBXNativeTarget section */
		EC5830E318D783D20007B90A /* Demo */ = {
			isa = PBXNativeTarget;
			buildConfigurationList = EC58310F18D783D30007B90A /* Build configuration list for PBXNativeTarget "Demo" */;
			buildPhases = (
				6C57228F86124C80B263A7E4 /* Check Pods Manifest.lock */,
				EC5830E018D783D20007B90A /* Sources */,
				EC5830E118D783D20007B90A /* Frameworks */,
				EC5830E218D783D20007B90A /* Resources */,
				3634236BA1C841D3AC283FA1 /* Copy Pods Resources */,
			);
			buildRules = (
			);
			dependencies = (
				EC58311618D783E10007B90A /* PBXTargetDependency */,
			);
			name = Demo;
			productName = Demo;
			productReference = EC5830E418D783D20007B90A /* Demo.app */;
			productType = "com.apple.product-type.application";
		};
		EC5D9C4B18D781FD00B2CCE6 /* BFStretchView */ = {
			isa = PBXNativeTarget;
			buildConfigurationList = EC5D9C6F18D781FD00B2CCE6 /* Build configuration list for PBXNativeTarget "BFStretchView" */;
			buildPhases = (
				EC5D9C4818D781FD00B2CCE6 /* Sources */,
				EC5D9C4918D781FD00B2CCE6 /* Frameworks */,
				EC5D9C4A18D781FD00B2CCE6 /* CopyFiles */,
			);
			buildRules = (
			);
			dependencies = (
			);
			name = BFStretchView;
			productName = BFStretchView;
			productReference = EC5D9C4C18D781FD00B2CCE6 /* libBFStretchView.a */;
			productType = "com.apple.product-type.library.static";
		};
/* End PBXNativeTarget section */

/* Begin PBXProject section */
		EC5D9C4418D781FD00B2CCE6 /* Project object */ = {
			isa = PBXProject;
			attributes = {
				LastUpgradeCheck = 0510;
				ORGANIZATIONNAME = "Balazs Faludi";
			};
			buildConfigurationList = EC5D9C4718D781FD00B2CCE6 /* Build configuration list for PBXProject "BFStretchView" */;
			compatibilityVersion = "Xcode 3.2";
			developmentRegion = English;
			hasScannedForEncodings = 0;
			knownRegions = (
				en,
				Base,
			);
			mainGroup = EC5D9C4318D781FD00B2CCE6;
			productRefGroup = EC5D9C4D18D781FD00B2CCE6 /* Products */;
			projectDirPath = "";
			projectRoot = "";
			targets = (
				EC5D9C4B18D781FD00B2CCE6 /* BFStretchView */,
				EC5830E318D783D20007B90A /* Demo */,
			);
		};
/* End PBXProject section */

/* Begin PBXResourcesBuildPhase section */
		EC5830E218D783D20007B90A /* Resources */ = {
			isa = PBXResourcesBuildPhase;
			buildActionMask = 2147483647;
			files = (
				EC5830FC18D783D20007B90A /* Images.xcassets in Resources */,
				EC5830EE18D783D20007B90A /* InfoPlist.strings in Resources */,
				EC5830F718D783D20007B90A /* Main.storyboard in Resources */,
			);
			runOnlyForDeploymentPostprocessing = 0;
		};
/* End PBXResourcesBuildPhase section */

/* Begin PBXShellScriptBuildPhase section */
		3634236BA1C841D3AC283FA1 /* Copy Pods Resources */ = {
			isa = PBXShellScriptBuildPhase;
			buildActionMask = 2147483647;
			files = (
			);
			inputPaths = (
			);
			name = "Copy Pods Resources";
			outputPaths = (
			);
			runOnlyForDeploymentPostprocessing = 0;
			shellPath = /bin/sh;
			shellScript = "\"${SRCROOT}/Pods/Pods-resources.sh\"\n";
			showEnvVarsInLog = 0;
		};
		6C57228F86124C80B263A7E4 /* Check Pods Manifest.lock */ = {
			isa = PBXShellScriptBuildPhase;
			buildActionMask = 2147483647;
			files = (
			);
			inputPaths = (
			);
			name = "Check Pods Manifest.lock";
			outputPaths = (
			);
			runOnlyForDeploymentPostprocessing = 0;
			shellPath = /bin/sh;
			shellScript = "diff \"${PODS_ROOT}/../Podfile.lock\" \"${PODS_ROOT}/Manifest.lock\" > /dev/null\nif [[ $? != 0 ]] ; then\n    cat << EOM\nerror: The sandbox is not in sync with the Podfile.lock. Run 'pod install' or update your CocoaPods installation.\nEOM\n    exit 1\nfi\n";
			showEnvVarsInLog = 0;
		};
/* End PBXShellScriptBuildPhase section */

/* Begin PBXSourcesBuildPhase section */
		EC5830E018D783D20007B90A /* Sources */ = {
			isa = PBXSourcesBuildPhase;
			buildActionMask = 2147483647;
			files = (
				EC5830FA18D783D20007B90A /* ViewController.m in Sources */,
				EC5830F418D783D20007B90A /* AppDelegate.m in Sources */,
				EC5830F018D783D20007B90A /* main.m in Sources */,
			);
			runOnlyForDeploymentPostprocessing = 0;
		};
		EC5D9C4818D781FD00B2CCE6 /* Sources */ = {
			isa = PBXSourcesBuildPhase;
			buildActionMask = 2147483647;
			files = (
				ECC7FD9518DE2370004712E3 /* UIGestureRecognizer+BFStretchView.m in Sources */,
				ECA1BD32194B7346003DBEAA /* BFStretchView.m in Sources */,
			);
			runOnlyForDeploymentPostprocessing = 0;
		};
/* End PBXSourcesBuildPhase section */

/* Begin PBXTargetDependency section */
		EC58311618D783E10007B90A /* PBXTargetDependency */ = {
			isa = PBXTargetDependency;
			target = EC5D9C4B18D781FD00B2CCE6 /* BFStretchView */;
			targetProxy = EC58311518D783E10007B90A /* PBXContainerItemProxy */;
		};
/* End PBXTargetDependency section */

/* Begin PBXVariantGroup section */
		EC5830EC18D783D20007B90A /* InfoPlist.strings */ = {
			isa = PBXVariantGroup;
			children = (
				EC5830ED18D783D20007B90A /* en */,
			);
			name = InfoPlist.strings;
			sourceTree = "<group>";
		};
		EC5830F518D783D20007B90A /* Main.storyboard */ = {
			isa = PBXVariantGroup;
			children = (
				EC5830F618D783D20007B90A /* Base */,
			);
			name = Main.storyboard;
			sourceTree = "<group>";
		};
/* End PBXVariantGroup section */

/* Begin XCBuildConfiguration section */
		EC58311018D783D30007B90A /* Debug */ = {
			isa = XCBuildConfiguration;
			baseConfigurationReference = 544138374B4E49E290BAC6FC /* Pods.xcconfig */;
			buildSettings = {
				ASSETCATALOG_COMPILER_APPICON_NAME = AppIcon;
				ASSETCATALOG_COMPILER_LAUNCHIMAGE_NAME = LaunchImage;
				"CODE_SIGN_IDENTITY[sdk=iphoneos*]" = "iPhone Developer";
				FRAMEWORK_SEARCH_PATHS = (
					"$(inherited)",
					"$(DEVELOPER_FRAMEWORKS_DIR)",
					"$(PROJECT_DIR)/Demo",
				);
				GCC_PRECOMPILE_PREFIX_HEADER = YES;
				GCC_PREFIX_HEADER = "Demo/Demo-Prefix.pch";
				GCC_PREPROCESSOR_DEFINITIONS = (
					"DEBUG=1",
					"$(inherited)",
				);
				INFOPLIST_FILE = "Demo/Demo-Info.plist";
				OTHER_LDFLAGS = (
					"-ObjC",
					"-framework",
					Reveal,
				);
				PRODUCT_NAME = "$(TARGET_NAME)";
				WRAPPER_EXTENSION = app;
			};
			name = Debug;
		};
		EC58311118D783D30007B90A /* Release */ = {
			isa = XCBuildConfiguration;
			baseConfigurationReference = 544138374B4E49E290BAC6FC /* Pods.xcconfig */;
			buildSettings = {
				ASSETCATALOG_COMPILER_APPICON_NAME = AppIcon;
				ASSETCATALOG_COMPILER_LAUNCHIMAGE_NAME = LaunchImage;
				"CODE_SIGN_IDENTITY[sdk=iphoneos*]" = "iPhone Developer";
				FRAMEWORK_SEARCH_PATHS = (
					"$(inherited)",
					"$(DEVELOPER_FRAMEWORKS_DIR)",
					"$(PROJECT_DIR)/Demo",
				);
				GCC_PRECOMPILE_PREFIX_HEADER = YES;
				GCC_PREFIX_HEADER = "Demo/Demo-Prefix.pch";
				INFOPLIST_FILE = "Demo/Demo-Info.plist";
				OTHER_LDFLAGS = "-ObjC";
				PRODUCT_NAME = "$(TARGET_NAME)";
				WRAPPER_EXTENSION = app;
			};
			name = Release;
		};
		EC5D9C6D18D781FD00B2CCE6 /* Debug */ = {
			isa = XCBuildConfiguration;
			buildSettings = {
				ALWAYS_SEARCH_USER_PATHS = NO;
				CLANG_CXX_LANGUAGE_STANDARD = "gnu++0x";
				CLANG_CXX_LIBRARY = "libc++";
				CLANG_ENABLE_MODULES = YES;
				CLANG_ENABLE_OBJC_ARC = YES;
				CLANG_WARN_BOOL_CONVERSION = YES;
				CLANG_WARN_CONSTANT_CONVERSION = YES;
				CLANG_WARN_DIRECT_OBJC_ISA_USAGE = YES_ERROR;
				CLANG_WARN_EMPTY_BODY = YES;
				CLANG_WARN_ENUM_CONVERSION = YES;
				CLANG_WARN_INT_CONVERSION = YES;
				CLANG_WARN_OBJC_ROOT_CLASS = YES_ERROR;
				CLANG_WARN__DUPLICATE_METHOD_MATCH = YES;
				COPY_PHASE_STRIP = NO;
				GCC_C_LANGUAGE_STANDARD = gnu99;
				GCC_DYNAMIC_NO_PIC = NO;
				GCC_OPTIMIZATION_LEVEL = 0;
				GCC_PREPROCESSOR_DEFINITIONS = (
					"DEBUG=1",
					"$(inherited)",
				);
				GCC_SYMBOLS_PRIVATE_EXTERN = NO;
				GCC_WARN_64_TO_32_BIT_CONVERSION = YES;
				GCC_WARN_ABOUT_RETURN_TYPE = YES_ERROR;
				GCC_WARN_UNDECLARED_SELECTOR = YES;
				GCC_WARN_UNINITIALIZED_AUTOS = YES_AGGRESSIVE;
				GCC_WARN_UNUSED_FUNCTION = YES;
				GCC_WARN_UNUSED_VARIABLE = YES;
				IPHONEOS_DEPLOYMENT_TARGET = 6.0;
				ONLY_ACTIVE_ARCH = YES;
				SDKROOT = iphoneos;
			};
			name = Debug;
		};
		EC5D9C6E18D781FD00B2CCE6 /* Release */ = {
			isa = XCBuildConfiguration;
			buildSettings = {
				ALWAYS_SEARCH_USER_PATHS = NO;
				CLANG_CXX_LANGUAGE_STANDARD = "gnu++0x";
				CLANG_CXX_LIBRARY = "libc++";
				CLANG_ENABLE_MODULES = YES;
				CLANG_ENABLE_OBJC_ARC = YES;
				CLANG_WARN_BOOL_CONVERSION = YES;
				CLANG_WARN_CONSTANT_CONVERSION = YES;
				CLANG_WARN_DIRECT_OBJC_ISA_USAGE = YES_ERROR;
				CLANG_WARN_EMPTY_BODY = YES;
				CLANG_WARN_ENUM_CONVERSION = YES;
				CLANG_WARN_INT_CONVERSION = YES;
				CLANG_WARN_OBJC_ROOT_CLASS = YES_ERROR;
				CLANG_WARN__DUPLICATE_METHOD_MATCH = YES;
				COPY_PHASE_STRIP = YES;
				ENABLE_NS_ASSERTIONS = NO;
				GCC_C_LANGUAGE_STANDARD = gnu99;
				GCC_WARN_64_TO_32_BIT_CONVERSION = YES;
				GCC_WARN_ABOUT_RETURN_TYPE = YES_ERROR;
				GCC_WARN_UNDECLARED_SELECTOR = YES;
				GCC_WARN_UNINITIALIZED_AUTOS = YES_AGGRESSIVE;
				GCC_WARN_UNUSED_FUNCTION = YES;
				GCC_WARN_UNUSED_VARIABLE = YES;
				IPHONEOS_DEPLOYMENT_TARGET = 6.0;
				SDKROOT = iphoneos;
				VALIDATE_PRODUCT = YES;
			};
			name = Release;
		};
		EC5D9C7018D781FD00B2CCE6 /* Debug */ = {
			isa = XCBuildConfiguration;
			buildSettings = {
				DSTROOT = /tmp/BFStretchView.dst;
				GCC_PRECOMPILE_PREFIX_HEADER = YES;
				GCC_PREFIX_HEADER = "BFStretchView/BFStretchView-Prefix.pch";
				OTHER_LDFLAGS = "-ObjC";
				PRODUCT_NAME = "$(TARGET_NAME)";
				SKIP_INSTALL = YES;
			};
			name = Debug;
		};
		EC5D9C7118D781FD00B2CCE6 /* Release */ = {
			isa = XCBuildConfiguration;
			buildSettings = {
				DSTROOT = /tmp/BFStretchView.dst;
				GCC_PRECOMPILE_PREFIX_HEADER = YES;
				GCC_PREFIX_HEADER = "BFStretchView/BFStretchView-Prefix.pch";
				OTHER_LDFLAGS = "-ObjC";
				PRODUCT_NAME = "$(TARGET_NAME)";
				SKIP_INSTALL = YES;
			};
			name = Release;
		};
/* End XCBuildConfiguration section */

/* Begin XCConfigurationList section */
		EC58310F18D783D30007B90A /* Build configuration list for PBXNativeTarget "Demo" */ = {
			isa = XCConfigurationList;
			buildConfigurations = (
				EC58311018D783D30007B90A /* Debug */,
				EC58311118D783D30007B90A /* Release */,
			);
			defaultConfigurationIsVisible = 0;
			defaultConfigurationName = Release;
		};
		EC5D9C4718D781FD00B2CCE6 /* Build configuration list for PBXProject "BFStretchView" */ = {
			isa = XCConfigurationList;
			buildConfigurations = (
				EC5D9C6D18D781FD00B2CCE6 /* Debug */,
				EC5D9C6E18D781FD00B2CCE6 /* Release */,
			);
			defaultConfigurationIsVisible = 0;
			defaultConfigurationName = Release;
		};
		EC5D9C6F18D781FD00B2CCE6 /* Build configuration list for PBXNativeTarget "BFStretchView" */ = {
			isa = XCConfigurationList;
			buildConfigurations = (
				EC5D9C7018D781FD00B2CCE6 /* Debug */,
				EC5D9C7118D781FD00B2CCE6 /* Release */,
			);
			defaultConfigurationIsVisible = 0;
			defaultConfigurationName = Release;
		};
/* End XCConfigurationList section */
	};
	rootObject = EC5D9C4418D781FD00B2CCE6 /* Project object */;
}
